github.com/sonatype-nexus-community/gonexus v0.27.0 h1:BxR9y4yQ+vfNffoL4F4YRkC0nTsYoDzO+tBAIWFoocs=
github.com/sonatype-nexus-community/gonexus v0.27.0/go.mod h1:8mIhif8LsneZhpdBovy51ah8CcYuy7Al4WP723TQoOY=
github.com/sonatype-nexus-community/gonexus v0.42.0/go.mod h1:8mIhif8LsneZhpdBovy51ah8CcYuy7Al4WP723TQoOY=
github.com/sonatype-nexus-community/gonexus v0.47.0 h1:zTfZ+pIYoFMh3Eq537vai/To7HEgHBR59W0q1U9QyNg=
github.com/sonatype-nexus-community/gonexus v0.47.0/go.mod h1:8mIhif8LsneZhpdBovy51ah8CcYuy7Al4WP723TQoOY=
github.com/sonatype-nexus-community/gonexus v0.47.1 h1:NsDhJsVKwV+An4O4aESu1xfd2aZQIFwoWgfaqIVkaAk=
github.com/sonatype-nexus-community/gonexus v0.47.1/go.mod h1:8mIhif8LsneZhpdBovy51ah8CcYuy7Al4WP723TQoOY=
github.com/sonatype-nexus-community/gonexus v0.54.0 h1:T7NqiJDJcj9bz0EgRv3zmxPk92phCgYwLsqqZeIpw/I=
github.com/sonatype-nexus-community/gonexus v0.54.0/go.mod h1:8mIhif8LsneZhpdBovy51ah8CcYuy7Al4WP723TQoOY=
github.com/sonatype-nexus-community/gonexus v0.56.7 h1:rPOgcFZyuYJKyffRuyLUpC+FQHYGX69Jd93m4UOFVGE=
github.com/sonatype-nexus-community/gonexus v0.56.7/go.mod h1:8mIhif8LsneZhpdBovy51ah8CcYuy7Al4WP723TQoOY=
