github.com/hokiegeek/gonexus v0.2.1 h1:PqTa+HvxaTzF2uDbYcFtZM/bra3161UeXf09AL7SMo8=
github.com/hokiegeek/gonexus v0.2.1/go.mod h1:hxA5O/9PtcsWdeJkXbhgDd/RPPltBxHJ7yDupmpws/E=
github.com/hokiegeek/gonexus v0.3.0 h1:l+z2eDRRlsh7dIcuCPAD8IHZyaamLKTCmABDolvZ2tU=
github.com/hokiegeek/gonexus v0.3.0/go.mod h1:hxA5O/9PtcsWdeJkXbhgDd/RPPltBxHJ7yDupmpws/E=
github.com/hokiegeek/gonexus v0.4.0 h1:grS4ufgBoK4x2SEv4hiu4pnAVD0MqmSzEn5YIBmb6Cw=
github.com/hokiegeek/gonexus v0.4.0/go.mod h1:hxA5O/9PtcsWdeJkXbhgDd/RPPltBxHJ7yDupmpws/E=
github.com/hokiegeek/gonexus v0.5.0 h1:YudIba8D9lDZear5z3UinL8CW5UmwWxvGtX8RU5GF6c=
github.com/hokiegeek/gonexus v0.5.0/go.mod h1:hxA5O/9PtcsWdeJkXbhgDd/RPPltBxHJ7yDupmpws/E=
github.com/hokiegeek/gonexus v0.7.0/go.mod h1:hxA5O/9PtcsWdeJkXbhgDd/RPPltBxHJ7yDupmpws/E=
github.com/hokiegeek/gonexus v0.7.1/go.mod h1:hxA5O/9PtcsWdeJkXbhgDd/RPPltBxHJ7yDupmpws/E=
github.com/hokiegeek/gonexus v0.7.2 h1:LFZ+wRQw2z1tPuUZqyXqOeZa7+6CuMny7PloMFGuw/c=
github.com/hokiegeek/gonexus v0.7.2/go.mod h1:hxA5O/9PtcsWdeJkXbhgDd/RPPltBxHJ7yDupmpws/E=
github.com/hokiegeek/gonexus v0.8.0 h1:s20rZrPNXAqTJbT+9GDP667WutnK4+0bf5fNmXjazok=
github.com/hokiegeek/gonexus v0.8.0/go.mod h1:hxA5O/9PtcsWdeJkXbhgDd/RPPltBxHJ7yDupmpws/E=
github.com/hokiegeek/gonexus v0.9.0 h1:vEOZ/ePmDi/xm06DTIRG68HofGyaRF5VJ/LW2Yxb1A0=
github.com/hokiegeek/gonexus v0.9.0/go.mod h1:hxA5O/9PtcsWdeJkXbhgDd/RPPltBxHJ7yDupmpws/E=
github.com/hokiegeek/gonexus v0.13.0 h1:AUlfyMerBHfIYUthK5KrnNMlyjfm8sHEaATVtZuTJ44=
github.com/hokiegeek/gonexus v0.13.0/go.mod h1:hxA5O/9PtcsWdeJkXbhgDd/RPPltBxHJ7yDupmpws/E=
github.com/hokiegeek/gonexus v0.16.0 h1:BjO7AdGhKlq9yuIXcORGawBd8GL2VsS+cjTbhbtomYw=
github.com/hokiegeek/gonexus v0.16.0/go.mod h1:hxA5O/9PtcsWdeJkXbhgDd/RPPltBxHJ7yDupmpws/E=
